
Microsoft Visual Studio Solution File, Format Version 12.00
# Visual Studio Version 16
VisualStudioVersion = 16.0.30503.244
MinimumVisualStudioVersion = 10.0.40219.1
Project("{888888A0-9F3D-457C-B088-3A5042F75D52}") = "BasicProject", "BasicProject\BasicProject.pyproj", "{C9760486-7519-42B9-9812-00B0A95FBCAB}"
EndProject
Global
	GlobalSection(SolutionConfigurationPlatforms) = preSolution
		Debug|Any CPU = Debug|Any CPU
		Release|Any CPU = Release|Any CPU
	EndGlobalSection
	GlobalSection(ProjectConfigurationPlatforms) = postSolution
		{C9760486-7519-42B9-9812-00B0A95FBCAB}.Debug|Any CPU.ActiveCfg = Debug|Any CPU
		{C9760486-7519-42B9-9812-00B0A95FBCAB}.Debug|Any CPU.Build.0 = Debug|Any CPU
		{C9760486-7519-42B9-9812-00B0A95FBCAB}.Release|Any CPU.ActiveCfg = Release|Any CPU
		{C9760486-7519-42B9-9812-00B0A95FBCAB}.Release|Any CPU.Build.0 = Release|Any CPU
	EndGlobalSection
	GlobalSection(SolutionProperties) = preSolution
		HideSolutionNode = FALSE
	EndGlobalSection
	GlobalSection(ExtensibilityGlobals) = postSolution
		SolutionGuid = {8D2B342E-E644-4FCA-A97C-40674CF11EDD}
	EndGlobalSection
EndGlobal
